{
  "name": "drishya",
  "lockfileVersion": 3,
  "requires": true,
  "packages": {
    "": {
      "dependencies": {
        "impeccable": "^4.0.4"
      }
    },
    "node_modules/@impeccable/cli-darwin-arm64": {
      "version": "0.1.3",
      "resolved": "https://registry.npmjs.org/@impeccable/cli-darwin-arm64/-/cli-darwin-arm64-0.1.3.tgz",
      "integrity": "sha512-O3ktatN7bev/boHuSS0VWjW2K+ecIDfUZZA9IMs1NAFJTfGjy5SZvFcZ7GTa0fuBvtg8HMMdKVQL2B3ZD+Ec9w==",
      "cpu": [
        "arm64"
      ],
      "license": "SEE LICENSE IN LICENSE",
      "optional": true,
      "os": [
        "darwin"
      ],
      "bin": {
        "impeccable-darwin-arm64": "bin/impeccable"
      }
    },
    "node_modules/@impeccable/cli-darwin-x64": {
      "version": "0.1.3",
      "resolved": "https://registry.npmjs.org/@impeccable/cli-darwin-x64/-/cli-darwin-x64-0.1.3.tgz",
      "integrity": "sha512-NMzJc+TnDTV9H0bzEFQ575TSB5bQGlkH5dfya+uPnkO0CiYMM1ZVdYnYjXmBbv2/VydzcKOwDi19thvzrXyKaQ==",
      "cpu": [
        "x64"
      ],
      "license": "SEE LICENSE IN LICENSE",
      "optional": true,
      "os": [
        "darwin"
      ],
      "bin": {
        "impeccable-darwin-x64": "bin/impeccable"
      }
    },
    "node_modules/@impeccable/cli-linux-arm64": {
      "version": "0.1.3",
      "resolved": "https://registry.npmjs.org/@impeccable/cli-linux-arm64/-/cli-linux-arm64-0.1.3.tgz",
      "integrity": "sha512-qWEh+MsEkz8/KJYU+BYjEgaVAT6Ulueoe5Z/+TQg/Lnxl3cs8AS7581lVtn6VN1LpKZxEwwgrBadl1K/KuF6QA==",
      "cpu": [
        "arm64"
      ],
      "license": "SEE LICENSE IN LICENSE",
      "optional": true,
      "os": [
        "linux"
      ],
      "bin": {
        "impeccable-linux-arm64": "bin/impeccable"
      }
    },
    "node_modules/@impeccable/cli-linux-x64": {
      "version": "0.1.3",
      "resolved": "https://registry.npmjs.org/@impeccable/cli-linux-x64/-/cli-linux-x64-0.1.3.tgz",
      "integrity": "sha512-UU3LofYNqQzb4Q44NbJvIGLUc3RnRt4/2PVcmXDnf64U34XxP/eDI6ETmDCtLhD9DI7AXzGpuBBtsHpIxDszyQ==",
      "cpu": [
        "x64"
      ],
      "license": "SEE LICENSE IN LICENSE",
      "optional": true,
      "os": [
        "linux"
      ],
      "bin": {
        "impeccable-linux-x64": "bin/impeccable"
      }
    },
    "node_modules/@impeccable/cli-windows-x64": {
      "version": "0.1.3",
      "resolved": "https://registry.npmjs.org/@impeccable/cli-windows-x64/-/cli-windows-x64-0.1.3.tgz",
      "integrity": "sha512-TsnU/SeskD/SlNxcrwig4t+9Gjh0fIF0loHhCUbD8RToD0vSfyLV3kVgUYMFkTgu4vcLtBJZt3e4Fd9XeBkjig==",
      "cpu": [
        "x64"
      ],
      "license": "SEE LICENSE IN LICENSE",
      "optional": true,
      "os": [
        "win32"
      ],
      "bin": {
        "impeccable-windows-x64": "bin/impeccable.exe"
      }
    },
    "node_modules/impeccable": {
      "version": "4.0.4",
      "resolved": "https://registry.npmjs.org/impeccable/-/impeccable-4.0.4.tgz",
      "integrity": "sha512-iMoWq1LPovPXGtOFIQI7GUIsCPg6T/Rln8wSVQwa4LXHPJCmRoaUkAxP6nDu2dGWJzcFzvszeDT/pwWP+Ib8Xg==",
      "license": "Apache-2.0",
      "bin": {
        "impeccable": "cli/bin/cli.js"
      },
      "engines": {
        "node": ">=22.18.0"
      },
      "optionalDependencies": {
        "@impeccable/cli-darwin-arm64": "0.1.3",
        "@impeccable/cli-darwin-x64": "0.1.3",
        "@impeccable/cli-linux-arm64": "0.1.3",
        "@impeccable/cli-linux-x64": "0.1.3",
        "@impeccable/cli-windows-x64": "0.1.3"
      }
    }
  }
}
